
Microsoft Visual Studio Solution File, Format Version 12.00
# Visual Studio Version 17
VisualStudioVersion = 17.10.35027.167
MinimumVisualStudioVersion = 10.0.40219.1
Project("{FAE04EC0-301F-11D3-BF4B-00C04F79EFBC}") = "CapaPresentacion", "CapaPresentacion\CapaPresentacion.csproj", "{69556374-4AEE-4D69-B1C9-0AEA77FDED44}"
EndProject
Global
	GlobalSection(SolutionConfigurationPlatforms) = preSolution
		Debug|Any CPU = Debug|Any CPU
		Release|Any CPU = Release|Any CPU
	EndGlobalSection
	GlobalSection(ProjectConfigurationPlatforms) = postSolution
		{69556374-4AEE-4D69-B1C9-0AEA77FDED44}.Debug|Any CPU.ActiveCfg = Debug|Any CPU
		{69556374-4AEE-4D69-B1C9-0AEA77FDED44}.Debug|Any CPU.Build.0 = Debug|Any CPU
		{69556374-4AEE-4D69-B1C9-0AEA77FDED44}.Release|Any CPU.ActiveCfg = Release|Any CPU
		{69556374-4AEE-4D69-B1C9-0AEA77FDED44}.Release|Any CPU.Build.0 = Release|Any CPU
	EndGlobalSection
	GlobalSection(SolutionProperties) = preSolution
		HideSolutionNode = FALSE
	EndGlobalSection
	GlobalSection(ExtensibilityGlobals) = postSolution
		SolutionGuid = {A912D770-7D86-4DD8-A2A4-0D2B6E3D3152}
	EndGlobalSection
EndGlobal
